// !$*UTF8*$!
{
	archiveVersion = 1;
	classes = {
	};
	objectVersion = 50;
	objects = {

/* Begin PBXBuildFile section */
		9F63909522D707C0000E1A76 /* AppDelegate.swift in Sources */ = {isa = PBXBuildFile; fileRef = 9F63909422D707C0000E1A76 /* AppDelegate.swift */; };
		9F63909722D707C0000E1A76 /* DashboardViewController.swift in Sources */ = {isa = PBXBuildFile; fileRef = 9F63909622D707C0000E1A76 /* DashboardViewController.swift */; };
		9F63909A22D707C0000E1A76 /* Main.storyboard in Resources */ = {isa = PBXBuildFile; fileRef = 9F63909822D707C0000E1A76 /* Main.storyboard */; };
		9F63909C22D707C2000E1A76 /* Assets.xcassets in Resources */ = {isa = PBXBuildFile; fileRef = 9F63909B22D707C2000E1A76 /* Assets.xcassets */; };
		9F63909F22D707C2000E1A76 /* LaunchScreen.storyboard in Resources */ = {isa = PBXBuildFile; fileRef = 9F63909D22D707C2000E1A76 /* LaunchScreen.storyboard */; };
		9F6390AA22D707C2000E1A76 /* Nanopool_ClientTests.swift in Sources */ = {isa = PBXBuildFile; fileRef = 9F6390A922D707C2000E1A76 /* Nanopool_ClientTests.swift */; };
		9F6390BE22D9E479000E1A76 /* ViewModel.swift in Sources */ = {isa = PBXBuildFile; fileRef = 9F6390BD22D9E479000E1A76 /* ViewModel.swift */; };
		9F6390C022D9E48B000E1A76 /* ViewModelBased.swift in Sources */ = {isa = PBXBuildFile; fileRef = 9F6390BF22D9E48B000E1A76 /* ViewModelBased.swift */; };
		9F6390C222D9E4B5000E1A76 /* Storyboarded.swift in Sources */ = {isa = PBXBuildFile; fileRef = 9F6390C122D9E4B5000E1A76 /* Storyboarded.swift */; };
		9F6390C422D9E503000E1A76 /* DashboardViewModel.swift in Sources */ = {isa = PBXBuildFile; fileRef = 9F6390C322D9E503000E1A76 /* DashboardViewModel.swift */; };
		9F6390C722D9E563000E1A76 /* TabBarViewController.swift in Sources */ = {isa = PBXBuildFile; fileRef = 9F6390C622D9E563000E1A76 /* TabBarViewController.swift */; };
		9F6390CA22D9EFCA000E1A76 /* DashboardCell.swift in Sources */ = {isa = PBXBuildFile; fileRef = 9F6390C822D9EFCA000E1A76 /* DashboardCell.swift */; };
		9F6390CB22D9EFCA000E1A76 /* DashboardCell.xib in Resources */ = {isa = PBXBuildFile; fileRef = 9F6390C922D9EFCA000E1A76 /* DashboardCell.xib */; };
		9F6390CE22D9EFF8000E1A76 /* NibLoadableView.swift in Sources */ = {isa = PBXBuildFile; fileRef = 9F6390CD22D9EFF8000E1A76 /* NibLoadableView.swift */; };
		9F6390D022D9F00E000E1A76 /* ReusableView.swift in Sources */ = {isa = PBXBuildFile; fileRef = 9F6390CF22D9F00E000E1A76 /* ReusableView.swift */; };
		9F6390D222D9F020000E1A76 /* UITableView+Extension.swift in Sources */ = {isa = PBXBuildFile; fileRef = 9F6390D122D9F020000E1A76 /* UITableView+Extension.swift */; };
		9F6390D422D9F02C000E1A76 /* UITableViewCell+Extension.swift in Sources */ = {isa = PBXBuildFile; fileRef = 9F6390D322D9F02C000E1A76 /* UITableViewCell+Extension.swift */; };
		9F6390D622D9F731000E1A76 /* Constants.swift in Sources */ = {isa = PBXBuildFile; fileRef = 9F6390D522D9F731000E1A76 /* Constants.swift */; };
		9F6390D822D9F765000E1A76 /* UIFont+Extension.swift in Sources */ = {isa = PBXBuildFile; fileRef = 9F6390D722D9F765000E1A76 /* UIFont+Extension.swift */; };
		9F6390DD22D9FC44000E1A76 /* PoolInformation.swift in Sources */ = {isa = PBXBuildFile; fileRef = 9F6390DC22D9FC44000E1A76 /* PoolInformation.swift */; };
		9F6390DF22D9FC73000E1A76 /* Repository.swift in Sources */ = {isa = PBXBuildFile; fileRef = 9F6390DE22D9FC73000E1A76 /* Repository.swift */; };
		9F6390E122D9FD0E000E1A76 /* MockRepository.swift in Sources */ = {isa = PBXBuildFile; fileRef = 9F6390E022D9FD0E000E1A76 /* MockRepository.swift */; };
		9F6390E322D9FD59000E1A76 /* CustomError.swift in Sources */ = {isa = PBXBuildFile; fileRef = 9F6390E222D9FD59000E1A76 /* CustomError.swift */; };
		9F6390E622DA01C2000E1A76 /* DashboardCellViewModel.swift in Sources */ = {isa = PBXBuildFile; fileRef = 9F6390E522DA01C2000E1A76 /* DashboardCellViewModel.swift */; };
		9F6390E822DA1CA2000E1A76 /* Coins.plist in Resources */ = {isa = PBXBuildFile; fileRef = 9F6390E722DA1CA2000E1A76 /* Coins.plist */; };
		9F63917E22DB3E58000E1A76 /* SessionManager.swift in Sources */ = {isa = PBXBuildFile; fileRef = 9F63917D22DB3E58000E1A76 /* SessionManager.swift */; };
		9F63918022DB3E62000E1A76 /* RequestType.swift in Sources */ = {isa = PBXBuildFile; fileRef = 9F63917F22DB3E62000E1A76 /* RequestType.swift */; };
		9F63918922DB6423000E1A76 /* OnlineRepository.swift in Sources */ = {isa = PBXBuildFile; fileRef = 9F63918822DB6423000E1A76 /* OnlineRepository.swift */; };
		9F63918C22DC52CE000E1A76 /* CoinPricesResource.swift in Sources */ = {isa = PBXBuildFile; fileRef = 9F63918B22DC52CE000E1A76 /* CoinPricesResource.swift */; };
		9F63918E22DDA68A000E1A76 /* CoinDictionary.swift in Sources */ = {isa = PBXBuildFile; fileRef = 9F63918D22DDA68A000E1A76 /* CoinDictionary.swift */; };
		9F63919022DEEC72000E1A76 /* UIViewController+Extension.swift in Sources */ = {isa = PBXBuildFile; fileRef = 9F63918F22DEEC72000E1A76 /* UIViewController+Extension.swift */; };
		9F63919322E4382A000E1A76 /* LoadingView.swift in Sources */ = {isa = PBXBuildFile; fileRef = 9F63919222E4382A000E1A76 /* LoadingView.swift */; };
		9F63919522E43838000E1A76 /* LoadingView.xib in Resources */ = {isa = PBXBuildFile; fileRef = 9F63919422E43838000E1A76 /* LoadingView.xib */; };
		9F63919722E43EEF000E1A76 /* Double+Extension.swift in Sources */ = {isa = PBXBuildFile; fileRef = 9F63919622E43EEF000E1A76 /* Double+Extension.swift */; };
		9F63919922E442DF000E1A76 /* Formatter+Extension.swift in Sources */ = {isa = PBXBuildFile; fileRef = 9F63919822E442DF000E1A76 /* Formatter+Extension.swift */; };
		9F63919B22E44317000E1A76 /* Int+Extension.swift in Sources */ = {isa = PBXBuildFile; fileRef = 9F63919A22E44317000E1A76 /* Int+Extension.swift */; };
		9F63919D22E48254000E1A76 /* Address.storyboard in Resources */ = {isa = PBXBuildFile; fileRef = 9F63919C22E48254000E1A76 /* Address.storyboard */; };
		9F63919F22E4AEDF000E1A76 /* AddressListViewController.swift in Sources */ = {isa = PBXBuildFile; fileRef = 9F63919E22E4AEDF000E1A76 /* AddressListViewController.swift */; };
		9F6391A222E4B027000E1A76 /* AddressTableViewCell.swift in Sources */ = {isa = PBXBuildFile; fileRef = 9F6391A022E4B027000E1A76 /* AddressTableViewCell.swift */; };
		9F6391A322E4B027000E1A76 /* AddressTableViewCell.xib in Resources */ = {isa = PBXBuildFile; fileRef = 9F6391A122E4B027000E1A76 /* AddressTableViewCell.xib */; };
		9F6391A522E580C2000E1A76 /* AddressAddView.xib in Resources */ = {isa = PBXBuildFile; fileRef = 9F6391A422E580C2000E1A76 /* AddressAddView.xib */; };
		9F6391A722E580D4000E1A76 /* AddressAddView.swift in Sources */ = {isa = PBXBuildFile; fileRef = 9F6391A622E580D4000E1A76 /* AddressAddView.swift */; };
		F7394DEC896A5C67823A9B31 /* Pods_Nanopool_Client.framework in Frameworks */ = {isa = PBXBuildFile; fileRef = 563E217D501E6E1DE4E27E25 /* Pods_Nanopool_Client.framework */; };
		F85654BFE21A20760258440E /* Pods_Nanopool_ClientTests.framework in Frameworks */ = {isa = PBXBuildFile; fileRef = 7AC242D6445888D9BB977867 /* Pods_Nanopool_ClientTests.framework */; };
/* End PBXBuildFile section */

/* Begin PBXContainerItemProxy section */
		9F6390A622D707C2000E1A76 /* PBXContainerItemProxy */ = {
			isa = PBXContainerItemProxy;
			containerPortal = 9F63908922D707C0000E1A76 /* Project object */;
			proxyType = 1;
			remoteGlobalIDString = 9F63909022D707C0000E1A76;
			remoteInfo = "Nanopool Client";
		};
/* End PBXContainerItemProxy section */

/* Begin PBXFileReference section */
		563E217D501E6E1DE4E27E25 /* Pods_Nanopool_Client.framework */ = {isa = PBXFileReference; explicitFileType = wrapper.framework; includeInIndex = 0; path = Pods_Nanopool_Client.framework; sourceTree = BUILT_PRODUCTS_DIR; };
		64826396A9CC3D459901CC52 /* Pods-Nanopool ClientTests.release.xcconfig */ = {isa = PBXFileReference; includeInIndex = 1; lastKnownFileType = text.xcconfig; name = "Pods-Nanopool ClientTests.release.xcconfig"; path = "Pods/Target Support Files/Pods-Nanopool ClientTests/Pods-Nanopool ClientTests.release.xcconfig"; sourceTree = "<group>"; };
		7AC242D6445888D9BB977867 /* Pods_Nanopool_ClientTests.framework */ = {isa = PBXFileReference; explicitFileType = wrapper.framework; includeInIndex = 0; path = Pods_Nanopool_ClientTests.framework; sourceTree = BUILT_PRODUCTS_DIR; };
		9E9B31548A358B731532C4FA /* Pods-Nanopool ClientTests.debug.xcconfig */ = {isa = PBXFileReference; includeInIndex = 1; lastKnownFileType = text.xcconfig; name = "Pods-Nanopool ClientTests.debug.xcconfig"; path = "Pods/Target Support Files/Pods-Nanopool ClientTests/Pods-Nanopool ClientTests.debug.xcconfig"; sourceTree = "<group>"; };
		9F63909122D707C0000E1A76 /* Nanopool Client.app */ = {isa = PBXFileReference; explicitFileType = wrapper.application; includeInIndex = 0; path = "Nanopool Client.app"; sourceTree = BUILT_PRODUCTS_DIR; };
		9F63909422D707C0000E1A76 /* AppDelegate.swift */ = {isa = PBXFileReference; lastKnownFileType = sourcecode.swift; path = AppDelegate.swift; sourceTree = "<group>"; };
		9F63909622D707C0000E1A76 /* DashboardViewController.swift */ = {isa = PBXFileReference; lastKnownFileType = sourcecode.swift; path = DashboardViewController.swift; sourceTree = "<group>"; };
		9F63909922D707C0000E1A76 /* Base */ = {isa = PBXFileReference; lastKnownFileType = file.storyboard; name = Base; path = Base.lproj/Main.storyboard; sourceTree = "<group>"; };
		9F63909B22D707C2000E1A76 /* Assets.xcassets */ = {isa = PBXFileReference; lastKnownFileType = folder.assetcatalog; path = Assets.xcassets; sourceTree = "<group>"; };
		9F63909E22D707C2000E1A76 /* Base */ = {isa = PBXFileReference; lastKnownFileType = file.storyboard; name = Base; path = Base.lproj/LaunchScreen.storyboard; sourceTree = "<group>"; };
		9F6390A022D707C2000E1A76 /* Info.plist */ = {isa = PBXFileReference; lastKnownFileType = text.plist.xml; path = Info.plist; sourceTree = "<group>"; };
		9F6390A522D707C2000E1A76 /* Nanopool ClientTests.xctest */ = {isa = PBXFileReference; explicitFileType = wrapper.cfbundle; includeInIndex = 0; path = "Nanopool ClientTests.xctest"; sourceTree = BUILT_PRODUCTS_DIR; };
		9F6390A922D707C2000E1A76 /* Nanopool_ClientTests.swift */ = {isa = PBXFileReference; lastKnownFileType = sourcecode.swift; path = Nanopool_ClientTests.swift; sourceTree = "<group>"; };
		9F6390AB22D707C2000E1A76 /* Info.plist */ = {isa = PBXFileReference; lastKnownFileType = text.plist.xml; path = Info.plist; sourceTree = "<group>"; };
		9F6390BD22D9E479000E1A76 /* ViewModel.swift */ = {isa = PBXFileReference; lastKnownFileType = sourcecode.swift; path = ViewModel.swift; sourceTree = "<group>"; };
		9F6390BF22D9E48B000E1A76 /* ViewModelBased.swift */ = {isa = PBXFileReference; lastKnownFileType = sourcecode.swift; path = ViewModelBased.swift; sourceTree = "<group>"; };
		9F6390C122D9E4B5000E1A76 /* Storyboarded.swift */ = {isa = PBXFileReference; lastKnownFileType = sourcecode.swift; path = Storyboarded.swift; sourceTree = "<group>"; };
		9F6390C322D9E503000E1A76 /* DashboardViewModel.swift */ = {isa = PBXFileReference; lastKnownFileType = sourcecode.swift; path = DashboardViewModel.swift; sourceTree = "<group>"; };
		9F6390C622D9E563000E1A76 /* TabBarViewController.swift */ = {isa = PBXFileReference; lastKnownFileType = sourcecode.swift; path = TabBarViewController.swift; sourceTree = "<group>"; };
		9F6390C822D9EFCA000E1A76 /* DashboardCell.swift */ = {isa = PBXFileReference; lastKnownFileType = sourcecode.swift; path = DashboardCell.swift; sourceTree = "<group>"; };
		9F6390C922D9EFCA000E1A76 /* DashboardCell.xib */ = {isa = PBXFileReference; lastKnownFileType = file.xib; path = DashboardCell.xib; sourceTree = "<group>"; };
		9F6390CD22D9EFF8000E1A76 /* NibLoadableView.swift */ = {isa = PBXFileReference; lastKnownFileType = sourcecode.swift; path = NibLoadableView.swift; sourceTree = "<group>"; };
		9F6390CF22D9F00E000E1A76 /* ReusableView.swift */ = {isa = PBXFileReference; lastKnownFileType = sourcecode.swift; path = ReusableView.swift; sourceTree = "<group>"; };
		9F6390D122D9F020000E1A76 /* UITableView+Extension.swift */ = {isa = PBXFileReference; lastKnownFileType = sourcecode.swift; path = "UITableView+Extension.swift"; sourceTree = "<group>"; };
		9F6390D322D9F02C000E1A76 /* UITableViewCell+Extension.swift */ = {isa = PBXFileReference; lastKnownFileType = sourcecode.swift; path = "UITableViewCell+Extension.swift"; sourceTree = "<group>"; };
		9F6390D522D9F731000E1A76 /* Constants.swift */ = {isa = PBXFileReference; lastKnownFileType = sourcecode.swift; path = Constants.swift; sourceTree = "<group>"; };
		9F6390D722D9F765000E1A76 /* UIFont+Extension.swift */ = {isa = PBXFileReference; lastKnownFileType = sourcecode.swift; path = "UIFont+Extension.swift"; sourceTree = "<group>"; };
		9F6390DC22D9FC44000E1A76 /* PoolInformation.swift */ = {isa = PBXFileReference; lastKnownFileType = sourcecode.swift; path = PoolInformation.swift; sourceTree = "<group>"; };
		9F6390DE22D9FC73000E1A76 /* Repository.swift */ = {isa = PBXFileReference; lastKnownFileType = sourcecode.swift; path = Repository.swift; sourceTree = "<group>"; };
		9F6390E022D9FD0E000E1A76 /* MockRepository.swift */ = {isa = PBXFileReference; lastKnownFileType = sourcecode.swift; path = MockRepository.swift; sourceTree = "<group>"; };
		9F6390E222D9FD59000E1A76 /* CustomError.swift */ = {isa = PBXFileReference; lastKnownFileType = sourcecode.swift; path = CustomError.swift; sourceTree = "<group>"; };
		9F6390E522DA01C2000E1A76 /* DashboardCellViewModel.swift */ = {isa = PBXFileReference; lastKnownFileType = sourcecode.swift; path = DashboardCellViewModel.swift; sourceTree = "<group>"; };
		9F6390E722DA1CA2000E1A76 /* Coins.plist */ = {isa = PBXFileReference; lastKnownFileType = text.plist.xml; path = Coins.plist; sourceTree = "<group>"; };
		9F63917D22DB3E58000E1A76 /* SessionManager.swift */ = {isa = PBXFileReference; lastKnownFileType = sourcecode.swift; path = SessionManager.swift; sourceTree = "<group>"; };
		9F63917F22DB3E62000E1A76 /* RequestType.swift */ = {isa = PBXFileReference; lastKnownFileType = sourcecode.swift; path = RequestType.swift; sourceTree = "<group>"; };
		9F63918822DB6423000E1A76 /* OnlineRepository.swift */ = {isa = PBXFileReference; lastKnownFileType = sourcecode.swift; path = OnlineRepository.swift; sourceTree = "<group>"; };
		9F63918B22DC52CE000E1A76 /* CoinPricesResource.swift */ = {isa = PBXFileReference; lastKnownFileType = sourcecode.swift; path = CoinPricesResource.swift; sourceTree = "<group>"; };
		9F63918D22DDA68A000E1A76 /* CoinDictionary.swift */ = {isa = PBXFileReference; lastKnownFileType = sourcecode.swift; path = CoinDictionary.swift; sourceTree = "<group>"; };
		9F63918F22DEEC72000E1A76 /* UIViewController+Extension.swift */ = {isa = PBXFileReference; lastKnownFileType = sourcecode.swift; path = "UIViewController+Extension.swift"; sourceTree = "<group>"; };
		9F63919222E4382A000E1A76 /* LoadingView.swift */ = {isa = PBXFileReference; lastKnownFileType = sourcecode.swift; path = LoadingView.swift; sourceTree = "<group>"; };
		9F63919422E43838000E1A76 /* LoadingView.xib */ = {isa = PBXFileReference; lastKnownFileType = file.xib; path = LoadingView.xib; sourceTree = "<group>"; };
		9F63919622E43EEF000E1A76 /* Double+Extension.swift */ = {isa = PBXFileReference; lastKnownFileType = sourcecode.swift; path = "Double+Extension.swift"; sourceTree = "<group>"; };
		9F63919822E442DF000E1A76 /* Formatter+Extension.swift */ = {isa = PBXFileReference; lastKnownFileType = sourcecode.swift; path = "Formatter+Extension.swift"; sourceTree = "<group>"; };
		9F63919A22E44317000E1A76 /* Int+Extension.swift */ = {isa = PBXFileReference; lastKnownFileType = sourcecode.swift; path = "Int+Extension.swift"; sourceTree = "<group>"; };
		9F63919C22E48254000E1A76 /* Address.storyboard */ = {isa = PBXFileReference; lastKnownFileType = file.storyboard; path = Address.storyboard; sourceTree = "<group>"; };
		9F63919E22E4AEDF000E1A76 /* AddressListViewController.swift */ = {isa = PBXFileReference; lastKnownFileType = sourcecode.swift; path = AddressListViewController.swift; sourceTree = "<group>"; };
		9F6391A022E4B027000E1A76 /* AddressTableViewCell.swift */ = {isa = PBXFileReference; lastKnownFileType = sourcecode.swift; path = AddressTableViewCell.swift; sourceTree = "<group>"; };
		9F6391A122E4B027000E1A76 /* AddressTableViewCell.xib */ = {isa = PBXFileReference; lastKnownFileType = file.xib; path = AddressTableViewCell.xib; sourceTree = "<group>"; };
		9F6391A422E580C2000E1A76 /* AddressAddView.xib */ = {isa = PBXFileReference; lastKnownFileType = file.xib; path = AddressAddView.xib; sourceTree = "<group>"; };
		9F6391A622E580D4000E1A76 /* AddressAddView.swift */ = {isa = PBXFileReference; lastKnownFileType = sourcecode.swift; path = AddressAddView.swift; sourceTree = "<group>"; };
		ACE4206AC3146D81AC7F484E /* Pods-Nanopool Client.debug.xcconfig */ = {isa = PBXFileReference; includeInIndex = 1; lastKnownFileType = text.xcconfig; name = "Pods-Nanopool Client.debug.xcconfig"; path = "Pods/Target Support Files/Pods-Nanopool Client/Pods-Nanopool Client.debug.xcconfig"; sourceTree = "<group>"; };
		B5CDA2841114D4C8FE94F38F /* Pods-Nanopool Client.release.xcconfig */ = {isa = PBXFileReference; includeInIndex = 1; lastKnownFileType = text.xcconfig; name = "Pods-Nanopool Client.release.xcconfig"; path = "Pods/Target Support Files/Pods-Nanopool Client/Pods-Nanopool Client.release.xcconfig"; sourceTree = "<group>"; };
/* End PBXFileReference section */

/* Begin PBXFrameworksBuildPhase section */
		9F63908E22D707C0000E1A76 /* Frameworks */ = {
			isa = PBXFrameworksBuildPhase;
			buildActionMask = 2147483647;
			files = (
				F7394DEC896A5C67823A9B31 /* Pods_Nanopool_Client.framework in Frameworks */,
			);
			runOnlyForDeploymentPostprocessing = 0;
		};
		9F6390A222D707C2000E1A76 /* Frameworks */ = {
			isa = PBXFrameworksBuildPhase;
			buildActionMask = 2147483647;
			files = (
				F85654BFE21A20760258440E /* Pods_Nanopool_ClientTests.framework in Frameworks */,
			);
			runOnlyForDeploymentPostprocessing = 0;
		};
/* End PBXFrameworksBuildPhase section */

/* Begin PBXGroup section */
		720B9FB79F667F8C426F80FE /* Pods */ = {
			isa = PBXGroup;
			children = (
				ACE4206AC3146D81AC7F484E /* Pods-Nanopool Client.debug.xcconfig */,
				B5CDA2841114D4C8FE94F38F /* Pods-Nanopool Client.release.xcconfig */,
				9E9B31548A358B731532C4FA /* Pods-Nanopool ClientTests.debug.xcconfig */,
				64826396A9CC3D459901CC52 /* Pods-Nanopool ClientTests.release.xcconfig */,
			);
			name = Pods;
			sourceTree = "<group>";
		};
		9F63908822D707C0000E1A76 = {
			isa = PBXGroup;
			children = (
				9F63909322D707C0000E1A76 /* Nanopool Client */,
				9F6390A822D707C2000E1A76 /* Nanopool ClientTests */,
				9F63909222D707C0000E1A76 /* Products */,
				9F6390E922DB099C000E1A76 /* Frameworks */,
				720B9FB79F667F8C426F80FE /* Pods */,
			);
			sourceTree = "<group>";
		};
		9F63909222D707C0000E1A76 /* Products */ = {
			isa = PBXGroup;
			children = (
				9F63909122D707C0000E1A76 /* Nanopool Client.app */,
				9F6390A522D707C2000E1A76 /* Nanopool ClientTests.xctest */,
			);
			name = Products;
			sourceTree = "<group>";
		};
		9F63909322D707C0000E1A76 /* Nanopool Client */ = {
			isa = PBXGroup;
			children = (
				9F63919122E43812000E1A76 /* Custom Views */,
				9F6390B722D70863000E1A76 /* Models */,
				9F6390DA22D9F8F8000E1A76 /* Network */,
				9F6390D922D9F8F2000E1A76 /* Data */,
				9F6390BB22D70891000E1A76 /* Helpers */,
				9F6390B922D70875000E1A76 /* Resources */,
				9F6390B822D7086D000E1A76 /* Cells */,
				9F6390B622D70859000E1A76 /* ViewModels */,
				9F6390B522D70852000E1A76 /* ViewControllers */,
				9F6390B422D7083E000E1A76 /* Project FIles */,
			);
			path = "Nanopool Client";
			sourceTree = "<group>";
		};
		9F6390A822D707C2000E1A76 /* Nanopool ClientTests */ = {
			isa = PBXGroup;
			children = (
				9F6390A922D707C2000E1A76 /* Nanopool_ClientTests.swift */,
				9F6390AB22D707C2000E1A76 /* Info.plist */,
			);
			path = "Nanopool ClientTests";
			sourceTree = "<group>";
		};
		9F6390B422D7083E000E1A76 /* Project FIles */ = {
			isa = PBXGroup;
			children = (
				9F63909422D707C0000E1A76 /* AppDelegate.swift */,
				9F6390A022D707C2000E1A76 /* Info.plist */,
			);
			path = "Project FIles";
			sourceTree = "<group>";
		};
		9F6390B522D70852000E1A76 /* ViewControllers */ = {
			isa = PBXGroup;
			children = (
				9F6390C622D9E563000E1A76 /* TabBarViewController.swift */,
				9F63909622D707C0000E1A76 /* DashboardViewController.swift */,
				9F63919E22E4AEDF000E1A76 /* AddressListViewController.swift */,
			);
			path = ViewControllers;
			sourceTree = "<group>";
		};
		9F6390B622D70859000E1A76 /* ViewModels */ = {
			isa = PBXGroup;
			children = (
				9F6390E422DA01B7000E1A76 /* Cells */,
				9F6390C522D9E543000E1A76 /* ViewControllers */,
			);
			path = ViewModels;
			sourceTree = "<group>";
		};
		9F6390B722D70863000E1A76 /* Models */ = {
			isa = PBXGroup;
			children = (
				9F6390DC22D9FC44000E1A76 /* PoolInformation.swift */,
			);
			path = Models;
			sourceTree = "<group>";
		};
		9F6390B822D7086D000E1A76 /* Cells */ = {
			isa = PBXGroup;
			children = (
				9F6390C822D9EFCA000E1A76 /* DashboardCell.swift */,
				9F6390C922D9EFCA000E1A76 /* DashboardCell.xib */,
				9F6391A022E4B027000E1A76 /* AddressTableViewCell.swift */,
				9F6391A122E4B027000E1A76 /* AddressTableViewCell.xib */,
			);
			path = Cells;
			sourceTree = "<group>";
		};
		9F6390B922D70875000E1A76 /* Resources */ = {
			isa = PBXGroup;
			children = (
				9F6390BA22D70880000E1A76 /* Storyboards */,
				9F63909B22D707C2000E1A76 /* Assets.xcassets */,
				9F6390E722DA1CA2000E1A76 /* Coins.plist */,
			);
			path = Resources;
			sourceTree = "<group>";
		};
		9F6390BA22D70880000E1A76 /* Storyboards */ = {
			isa = PBXGroup;
			children = (
				9F63909822D707C0000E1A76 /* Main.storyboard */,
				9F63909D22D707C2000E1A76 /* LaunchScreen.storyboard */,
				9F63919C22E48254000E1A76 /* Address.storyboard */,
			);
			path = Storyboards;
			sourceTree = "<group>";
		};
		9F6390BB22D70891000E1A76 /* Helpers */ = {
			isa = PBXGroup;
			children = (
				9F6390CC22D9EFDF000E1A76 /* Extensions */,
				9F6390BC22D70898000E1A76 /* Protocols */,
				9F6390D522D9F731000E1A76 /* Constants.swift */,
				9F6390E222D9FD59000E1A76 /* CustomError.swift */,
				9F63918D22DDA68A000E1A76 /* CoinDictionary.swift */,
			);
			path = Helpers;
			sourceTree = "<group>";
		};
		9F6390BC22D70898000E1A76 /* Protocols */ = {
			isa = PBXGroup;
			children = (
				9F6390BD22D9E479000E1A76 /* ViewModel.swift */,
				9F6390BF22D9E48B000E1A76 /* ViewModelBased.swift */,
				9F6390C122D9E4B5000E1A76 /* Storyboarded.swift */,
				9F6390CD22D9EFF8000E1A76 /* NibLoadableView.swift */,
				9F6390CF22D9F00E000E1A76 /* ReusableView.swift */,
			);
			path = Protocols;
			sourceTree = "<group>";
		};
		9F6390C522D9E543000E1A76 /* ViewControllers */ = {
			isa = PBXGroup;
			children = (
				9F6390C322D9E503000E1A76 /* DashboardViewModel.swift */,
			);
			path = ViewControllers;
			sourceTree = "<group>";
		};
		9F6390CC22D9EFDF000E1A76 /* Extensions */ = {
			isa = PBXGroup;
			children = (
				9F6390D122D9F020000E1A76 /* UITableView+Extension.swift */,
				9F6390D322D9F02C000E1A76 /* UITableViewCell+Extension.swift */,
				9F6390D722D9F765000E1A76 /* UIFont+Extension.swift */,
				9F63918F22DEEC72000E1A76 /* UIViewController+Extension.swift */,
				9F63919622E43EEF000E1A76 /* Double+Extension.swift */,
				9F63919822E442DF000E1A76 /* Formatter+Extension.swift */,
				9F63919A22E44317000E1A76 /* Int+Extension.swift */,
			);
			path = Extensions;
			sourceTree = "<group>";
		};
		9F6390D922D9F8F2000E1A76 /* Data */ = {
			isa = PBXGroup;
			children = (
				9F6390DE22D9FC73000E1A76 /* Repository.swift */,
				9F63918822DB6423000E1A76 /* OnlineRepository.swift */,
				9F6390E022D9FD0E000E1A76 /* MockRepository.swift */,
			);
			path = Data;
			sourceTree = "<group>";
		};
		9F6390DA22D9F8F8000E1A76 /* Network */ = {
			isa = PBXGroup;
			children = (
				9F63918A22DC52A5000E1A76 /* Resources */,
				9F63917D22DB3E58000E1A76 /* SessionManager.swift */,
				9F63917F22DB3E62000E1A76 /* RequestType.swift */,
			);
			path = Network;
			sourceTree = "<group>";
		};
		9F6390E422DA01B7000E1A76 /* Cells */ = {
			isa = PBXGroup;
			children = (
				9F6390E522DA01C2000E1A76 /* DashboardCellViewModel.swift */,
			);
			path = Cells;
			sourceTree = "<group>";
		};
		9F6390E922DB099C000E1A76 /* Frameworks */ = {
			isa = PBXGroup;
			children = (
				563E217D501E6E1DE4E27E25 /* Pods_Nanopool_Client.framework */,
				7AC242D6445888D9BB977867 /* Pods_Nanopool_ClientTests.framework */,
			);
			name = Frameworks;
			sourceTree = "<group>";
		};
		9F63918A22DC52A5000E1A76 /* Resources */ = {
			isa = PBXGroup;
			children = (
				9F63918B22DC52CE000E1A76 /* CoinPricesResource.swift */,
			);
			path = Resources;
			sourceTree = "<group>";
		};
		9F63919122E43812000E1A76 /* Custom Views */ = {
			isa = PBXGroup;
			children = (
				9F63919222E4382A000E1A76 /* LoadingView.swift */,
				9F63919422E43838000E1A76 /* LoadingView.xib */,
				9F6391A622E580D4000E1A76 /* AddressAddView.swift */,
				9F6391A422E580C2000E1A76 /* AddressAddView.xib */,
			);
			path = "Custom Views";
			sourceTree = "<group>";
		};
/* End PBXGroup section */

/* Begin PBXNativeTarget section */
		9F63909022D707C0000E1A76 /* Nanopool Client */ = {
			isa = PBXNativeTarget;
			buildConfigurationList = 9F6390AE22D707C2000E1A76 /* Build configuration list for PBXNativeTarget "Nanopool Client" */;
			buildPhases = (
				61469E5001CE89640D1872D9 /* [CP] Check Pods Manifest.lock */,
				9F63908D22D707C0000E1A76 /* Sources */,
				9F63908E22D707C0000E1A76 /* Frameworks */,
				9F63908F22D707C0000E1A76 /* Resources */,
				4F3949757F62E820BA900815 /* [CP] Embed Pods Frameworks */,
			);
			buildRules = (
			);
			dependencies = (
			);
			name = "Nanopool Client";
			productName = "Nanopool Client";
			productReference = 9F63909122D707C0000E1A76 /* Nanopool Client.app */;
			productType = "com.apple.product-type.application";
		};
		9F6390A422D707C2000E1A76 /* Nanopool ClientTests */ = {
			isa = PBXNativeTarget;
			buildConfigurationList = 9F6390B122D707C2000E1A76 /* Build configuration list for PBXNativeTarget "Nanopool ClientTests" */;
			buildPhases = (
				714493A378238E1592004E09 /* [CP] Check Pods Manifest.lock */,
				9F6390A122D707C2000E1A76 /* Sources */,
				9F6390A222D707C2000E1A76 /* Frameworks */,
				9F6390A322D707C2000E1A76 /* Resources */,
			);
			buildRules = (
			);
			dependencies = (
				9F6390A722D707C2000E1A76 /* PBXTargetDependency */,
			);
			name = "Nanopool ClientTests";
			productName = "Nanopool ClientTests";
			productReference = 9F6390A522D707C2000E1A76 /* Nanopool ClientTests.xctest */;
			productType = "com.apple.product-type.bundle.unit-test";
		};
/* End PBXNativeTarget section */

/* Begin PBXProject section */
		9F63908922D707C0000E1A76 /* Project object */ = {
			isa = PBXProject;
			attributes = {
				LastSwiftUpdateCheck = 1020;
				LastUpgradeCheck = 1020;
				ORGANIZATIONNAME = "Florin Uscatu";
				TargetAttributes = {
					9F63909022D707C0000E1A76 = {
						CreatedOnToolsVersion = 10.2.1;
					};
					9F6390A422D707C2000E1A76 = {
						CreatedOnToolsVersion = 10.2.1;
						TestTargetID = 9F63909022D707C0000E1A76;
					};
				};
			};
			buildConfigurationList = 9F63908C22D707C0000E1A76 /* Build configuration list for PBXProject "Nanopool Client" */;
			compatibilityVersion = "Xcode 9.3";
			developmentRegion = en;
			hasScannedForEncodings = 0;
			knownRegions = (
				en,
				Base,
			);
			mainGroup = 9F63908822D707C0000E1A76;
			productRefGroup = 9F63909222D707C0000E1A76 /* Products */;
			projectDirPath = "";
			projectRoot = "";
			targets = (
				9F63909022D707C0000E1A76 /* Nanopool Client */,
				9F6390A422D707C2000E1A76 /* Nanopool ClientTests */,
			);
		};
/* End PBXProject section */

/* Begin PBXResourcesBuildPhase section */
		9F63908F22D707C0000E1A76 /* Resources */ = {
			isa = PBXResourcesBuildPhase;
			buildActionMask = 2147483647;
			files = (
				9F6391A522E580C2000E1A76 /* AddressAddView.xib in Resources */,
				9F63919D22E48254000E1A76 /* Address.storyboard in Resources */,
				9F63909F22D707C2000E1A76 /* LaunchScreen.storyboard in Resources */,
				9F6391A322E4B027000E1A76 /* AddressTableViewCell.xib in Resources */,
				9F63909C22D707C2000E1A76 /* Assets.xcassets in Resources */,
				9F6390CB22D9EFCA000E1A76 /* DashboardCell.xib in Resources */,
				9F63919522E43838000E1A76 /* LoadingView.xib in Resources */,
				9F6390E822DA1CA2000E1A76 /* Coins.plist in Resources */,
				9F63909A22D707C0000E1A76 /* Main.storyboard in Resources */,
			);
			runOnlyForDeploymentPostprocessing = 0;
		};
		9F6390A322D707C2000E1A76 /* Resources */ = {
			isa = PBXResourcesBuildPhase;
			buildActionMask = 2147483647;
			files = (
			);
			runOnlyForDeploymentPostprocessing = 0;
		};
/* End PBXResourcesBuildPhase section */

/* Begin PBXShellScriptBuildPhase section */
		4F3949757F62E820BA900815 /* [CP] Embed Pods Frameworks */ = {
			isa = PBXShellScriptBuildPhase;
			buildActionMask = 2147483647;
			files = (
			);
			inputFileListPaths = (
			);
			inputPaths = (
				"${SRCROOT}/Pods/Target Support Files/Pods-Nanopool Client/Pods-Nanopool Client-frameworks.sh",
				"${BUILT_PRODUCTS_DIR}/Alamofire/Alamofire.framework",
				"${BUILT_PRODUCTS_DIR}/Moya/Moya.framework",
				"${BUILT_PRODUCTS_DIR}/PromiseKit/PromiseKit.framework",
				"${BUILT_PRODUCTS_DIR}/Result/Result.framework",
				"${BUILT_PRODUCTS_DIR}/SwifterSwift/SwifterSwift.framework",
				"${BUILT_PRODUCTS_DIR}/SwiftyJSON/SwiftyJSON.framework",
			);
			name = "[CP] Embed Pods Frameworks";
			outputFileListPaths = (
			);
			outputPaths = (
				"${TARGET_BUILD_DIR}/${FRAMEWORKS_FOLDER_PATH}/Alamofire.framework",
				"${TARGET_BUILD_DIR}/${FRAMEWORKS_FOLDER_PATH}/Moya.framework",
				"${TARGET_BUILD_DIR}/${FRAMEWORKS_FOLDER_PATH}/PromiseKit.framework",
				"${TARGET_BUILD_DIR}/${FRAMEWORKS_FOLDER_PATH}/Result.framework",
				"${TARGET_BUILD_DIR}/${FRAMEWORKS_FOLDER_PATH}/SwifterSwift.framework",
				"${TARGET_BUILD_DIR}/${FRAMEWORKS_FOLDER_PATH}/SwiftyJSON.framework",
			);
			runOnlyForDeploymentPostprocessing = 0;
			shellPath = /bin/sh;
			shellScript = "\"${SRCROOT}/Pods/Target Support Files/Pods-Nanopool Client/Pods-Nanopool Client-frameworks.sh\"\n";
			showEnvVarsInLog = 0;
		};
		61469E5001CE89640D1872D9 /* [CP] Check Pods Manifest.lock */ = {
			isa = PBXShellScriptBuildPhase;
			buildActionMask = 2147483647;
			files = (
			);
			inputFileListPaths = (
			);
			inputPaths = (
				"${PODS_PODFILE_DIR_PATH}/Podfile.lock",
				"${PODS_ROOT}/Manifest.lock",
			);
			name = "[CP] Check Pods Manifest.lock";
			outputFileListPaths = (
			);
			outputPaths = (
				"$(DERIVED_FILE_DIR)/Pods-Nanopool Client-checkManifestLockResult.txt",
			);
			runOnlyForDeploymentPostprocessing = 0;
			shellPath = /bin/sh;
			shellScript = "diff \"${PODS_PODFILE_DIR_PATH}/Podfile.lock\" \"${PODS_ROOT}/Manifest.lock\" > /dev/null\nif [ $? != 0 ] ; then\n    # print error to STDERR\n    echo \"error: The sandbox is not in sync with the Podfile.lock. Run 'pod install' or update your CocoaPods installation.\" >&2\n    exit 1\nfi\n# This output is used by Xcode 'outputs' to avoid re-running this script phase.\necho \"SUCCESS\" > \"${SCRIPT_OUTPUT_FILE_0}\"\n";
			showEnvVarsInLog = 0;
		};
		714493A378238E1592004E09 /* [CP] Check Pods Manifest.lock */ = {
			isa = PBXShellScriptBuildPhase;
			buildActionMask = 2147483647;
			files = (
			);
			inputFileListPaths = (
			);
			inputPaths = (
				"${PODS_PODFILE_DIR_PATH}/Podfile.lock",
				"${PODS_ROOT}/Manifest.lock",
			);
			name = "[CP] Check Pods Manifest.lock";
			outputFileListPaths = (
			);
			outputPaths = (
				"$(DERIVED_FILE_DIR)/Pods-Nanopool ClientTests-checkManifestLockResult.txt",
			);
			runOnlyForDeploymentPostprocessing = 0;
			shellPath = /bin/sh;
			shellScript = "diff \"${PODS_PODFILE_DIR_PATH}/Podfile.lock\" \"${PODS_ROOT}/Manifest.lock\" > /dev/null\nif [ $? != 0 ] ; then\n    # print error to STDERR\n    echo \"error: The sandbox is not in sync with the Podfile.lock. Run 'pod install' or update your CocoaPods installation.\" >&2\n    exit 1\nfi\n# This output is used by Xcode 'outputs' to avoid re-running this script phase.\necho \"SUCCESS\" > \"${SCRIPT_OUTPUT_FILE_0}\"\n";
			showEnvVarsInLog = 0;
		};
/* End PBXShellScriptBuildPhase section */

/* Begin PBXSourcesBuildPhase section */
		9F63908D22D707C0000E1A76 /* Sources */ = {
			isa = PBXSourcesBuildPhase;
			buildActionMask = 2147483647;
			files = (
				9F6390D222D9F020000E1A76 /* UITableView+Extension.swift in Sources */,
				9F63909722D707C0000E1A76 /* DashboardViewController.swift in Sources */,
				9F63918922DB6423000E1A76 /* OnlineRepository.swift in Sources */,
				9F63918022DB3E62000E1A76 /* RequestType.swift in Sources */,
				9F63919922E442DF000E1A76 /* Formatter+Extension.swift in Sources */,
				9F6390D022D9F00E000E1A76 /* ReusableView.swift in Sources */,
				9F6390BE22D9E479000E1A76 /* ViewModel.swift in Sources */,
				9F6391A222E4B027000E1A76 /* AddressTableViewCell.swift in Sources */,
				9F6390CA22D9EFCA000E1A76 /* DashboardCell.swift in Sources */,
				9F63918C22DC52CE000E1A76 /* CoinPricesResource.swift in Sources */,
				9F6390E322D9FD59000E1A76 /* CustomError.swift in Sources */,
				9F6390CE22D9EFF8000E1A76 /* NibLoadableView.swift in Sources */,
				9F6390C222D9E4B5000E1A76 /* Storyboarded.swift in Sources */,
				9F63919322E4382A000E1A76 /* LoadingView.swift in Sources */,
				9F6390DD22D9FC44000E1A76 /* PoolInformation.swift in Sources */,
				9F6390D622D9F731000E1A76 /* Constants.swift in Sources */,
				9F63919022DEEC72000E1A76 /* UIViewController+Extension.swift in Sources */,
				9F6390D422D9F02C000E1A76 /* UITableViewCell+Extension.swift in Sources */,
				9F63918E22DDA68A000E1A76 /* CoinDictionary.swift in Sources */,
				9F6390E122D9FD0E000E1A76 /* MockRepository.swift in Sources */,
				9F6390D822D9F765000E1A76 /* UIFont+Extension.swift in Sources */,
				9F63919B22E44317000E1A76 /* Int+Extension.swift in Sources */,
				9F63919F22E4AEDF000E1A76 /* AddressListViewController.swift in Sources */,
				9F6390DF22D9FC73000E1A76 /* Repository.swift in Sources */,
				9F63919722E43EEF000E1A76 /* Double+Extension.swift in Sources */,
				9F6391A722E580D4000E1A76 /* AddressAddView.swift in Sources */,
				9F6390C422D9E503000E1A76 /* DashboardViewModel.swift in Sources */,
				9F6390C722D9E563000E1A76 /* TabBarViewController.swift in Sources */,
				9F6390C022D9E48B000E1A76 /* ViewModelBased.swift in Sources */,
				9F6390E622DA01C2000E1A76 /* DashboardCellViewModel.swift in Sources */,
				9F63917E22DB3E58000E1A76 /* SessionManager.swift in Sources */,
				9F63909522D707C0000E1A76 /* AppDelegate.swift in Sources */,
			);
			runOnlyForDeploymentPostprocessing = 0;
		};
		9F6390A122D707C2000E1A76 /* Sources */ = {
			isa = PBXSourcesBuildPhase;
			buildActionMask = 2147483647;
			files = (
				9F6390AA22D707C2000E1A76 /* Nanopool_ClientTests.swift in Sources */,
			);
			runOnlyForDeploymentPostprocessing = 0;
		};
/* End PBXSourcesBuildPhase section */

/* Begin PBXTargetDependency section */
		9F6390A722D707C2000E1A76 /* PBXTargetDependency */ = {
			isa = PBXTargetDependency;
			target = 9F63909022D707C0000E1A76 /* Nanopool Client */;
			targetProxy = 9F6390A622D707C2000E1A76 /* PBXContainerItemProxy */;
		};
/* End PBXTargetDependency section */

/* Begin PBXVariantGroup section */
		9F63909822D707C0000E1A76 /* Main.storyboard */ = {
			isa = PBXVariantGroup;
			children = (
				9F63909922D707C0000E1A76 /* Base */,
			);
			name = Main.storyboard;
			sourceTree = "<group>";
		};
		9F63909D22D707C2000E1A76 /* LaunchScreen.storyboard */ = {
			isa = PBXVariantGroup;
			children = (
				9F63909E22D707C2000E1A76 /* Base */,
			);
			name = LaunchScreen.storyboard;
			sourceTree = "<group>";
		};
/* End PBXVariantGroup section */

/* Begin XCBuildConfiguration section */
		9F6390AC22D707C2000E1A76 /* Debug */ = {
			isa = XCBuildConfiguration;
			buildSettings = {
				ALWAYS_SEARCH_USER_PATHS = NO;
				CLANG_ANALYZER_NONNULL = YES;
				CLANG_ANALYZER_NUMBER_OBJECT_CONVERSION = YES_AGGRESSIVE;
				CLANG_CXX_LANGUAGE_STANDARD = "gnu++14";
				CLANG_CXX_LIBRARY = "libc++";
				CLANG_ENABLE_MODULES = YES;
				CLANG_ENABLE_OBJC_ARC = YES;
				CLANG_ENABLE_OBJC_WEAK = YES;
				CLANG_WARN_BLOCK_CAPTURE_AUTORELEASING = YES;
				CLANG_WARN_BOOL_CONVERSION = YES;
				CLANG_WARN_COMMA = YES;
				CLANG_WARN_CONSTANT_CONVERSION = YES;
				CLANG_WARN_DEPRECATED_OBJC_IMPLEMENTATIONS = YES;
				CLANG_WARN_DIRECT_OBJC_ISA_USAGE = YES_ERROR;
				CLANG_WARN_DOCUMENTATION_COMMENTS = YES;
				CLANG_WARN_EMPTY_BODY = YES;
				CLANG_WARN_ENUM_CONVERSION = YES;
				CLANG_WARN_INFINITE_RECURSION = YES;
				CLANG_WARN_INT_CONVERSION = YES;
				CLANG_WARN_NON_LITERAL_NULL_CONVERSION = YES;
				CLANG_WARN_OBJC_IMPLICIT_RETAIN_SELF = YES;
				CLANG_WARN_OBJC_LITERAL_CONVERSION = YES;
				CLANG_WARN_OBJC_ROOT_CLASS = YES_ERROR;
				CLANG_WARN_RANGE_LOOP_ANALYSIS = YES;
				CLANG_WARN_STRICT_PROTOTYPES = YES;
				CLANG_WARN_SUSPICIOUS_MOVE = YES;
				CLANG_WARN_UNGUARDED_AVAILABILITY = YES_AGGRESSIVE;
				CLANG_WARN_UNREACHABLE_CODE = YES;
				CLANG_WARN__DUPLICATE_METHOD_MATCH = YES;
				CODE_SIGN_IDENTITY = "iPhone Developer";
				COPY_PHASE_STRIP = NO;
				DEBUG_INFORMATION_FORMAT = dwarf;
				ENABLE_STRICT_OBJC_MSGSEND = YES;
				ENABLE_TESTABILITY = YES;
				GCC_C_LANGUAGE_STANDARD = gnu11;
				GCC_DYNAMIC_NO_PIC = NO;
				GCC_NO_COMMON_BLOCKS = YES;
				GCC_OPTIMIZATION_LEVEL = 0;
				GCC_PREPROCESSOR_DEFINITIONS = (
					"DEBUG=1",
					"$(inherited)",
				);
				GCC_WARN_64_TO_32_BIT_CONVERSION = YES;
				GCC_WARN_ABOUT_RETURN_TYPE = YES_ERROR;
				GCC_WARN_UNDECLARED_SELECTOR = YES;
				GCC_WARN_UNINITIALIZED_AUTOS = YES_AGGRESSIVE;
				GCC_WARN_UNUSED_FUNCTION = YES;
				GCC_WARN_UNUSED_VARIABLE = YES;
				IPHONEOS_DEPLOYMENT_TARGET = 12.2;
				MTL_ENABLE_DEBUG_INFO = INCLUDE_SOURCE;
				MTL_FAST_MATH = YES;
				ONLY_ACTIVE_ARCH = YES;
				SDKROOT = iphoneos;
				SWIFT_ACTIVE_COMPILATION_CONDITIONS = DEBUG;
				SWIFT_OPTIMIZATION_LEVEL = "-Onone";
			};
			name = Debug;
		};
		9F6390AD22D707C2000E1A76 /* Release */ = {
			isa = XCBuildConfiguration;
			buildSettings = {
				ALWAYS_SEARCH_USER_PATHS = NO;
				CLANG_ANALYZER_NONNULL = YES;
				CLANG_ANALYZER_NUMBER_OBJECT_CONVERSION = YES_AGGRESSIVE;
				CLANG_CXX_LANGUAGE_STANDARD = "gnu++14";
				CLANG_CXX_LIBRARY = "libc++";
				CLANG_ENABLE_MODULES = YES;
				CLANG_ENABLE_OBJC_ARC = YES;
				CLANG_ENABLE_OBJC_WEAK = YES;
				CLANG_WARN_BLOCK_CAPTURE_AUTORELEASING = YES;
				CLANG_WARN_BOOL_CONVERSION = YES;
				CLANG_WARN_COMMA = YES;
				CLANG_WARN_CONSTANT_CONVERSION = YES;
				CLANG_WARN_DEPRECATED_OBJC_IMPLEMENTATIONS = YES;
				CLANG_WARN_DIRECT_OBJC_ISA_USAGE = YES_ERROR;
				CLANG_WARN_DOCUMENTATION_COMMENTS = YES;
				CLANG_WARN_EMPTY_BODY = YES;
				CLANG_WARN_ENUM_CONVERSION = YES;
				CLANG_WARN_INFINITE_RECURSION = YES;
				CLANG_WARN_INT_CONVERSION = YES;
				CLANG_WARN_NON_LITERAL_NULL_CONVERSION = YES;
				CLANG_WARN_OBJC_IMPLICIT_RETAIN_SELF = YES;
				CLANG_WARN_OBJC_LITERAL_CONVERSION = YES;
				CLANG_WARN_OBJC_ROOT_CLASS = YES_ERROR;
				CLANG_WARN_RANGE_LOOP_ANALYSIS = YES;
				CLANG_WARN_STRICT_PROTOTYPES = YES;
				CLANG_WARN_SUSPICIOUS_MOVE = YES;
				CLANG_WARN_UNGUARDED_AVAILABILITY = YES_AGGRESSIVE;
				CLANG_WARN_UNREACHABLE_CODE = YES;
				CLANG_WARN__DUPLICATE_METHOD_MATCH = YES;
				CODE_SIGN_IDENTITY = "iPhone Developer";
				COPY_PHASE_STRIP = NO;
				DEBUG_INFORMATION_FORMAT = "dwarf-with-dsym";
				ENABLE_NS_ASSERTIONS = NO;
				ENABLE_STRICT_OBJC_MSGSEND = YES;
				GCC_C_LANGUAGE_STANDARD = gnu11;
				GCC_NO_COMMON_BLOCKS = YES;
				GCC_WARN_64_TO_32_BIT_CONVERSION = YES;
				GCC_WARN_ABOUT_RETURN_TYPE = YES_ERROR;
				GCC_WARN_UNDECLARED_SELECTOR = YES;
				GCC_WARN_UNINITIALIZED_AUTOS = YES_AGGRESSIVE;
				GCC_WARN_UNUSED_FUNCTION = YES;
				GCC_WARN_UNUSED_VARIABLE = YES;
				IPHONEOS_DEPLOYMENT_TARGET = 12.2;
				MTL_ENABLE_DEBUG_INFO = NO;
				MTL_FAST_MATH = YES;
				SDKROOT = iphoneos;
				SWIFT_COMPILATION_MODE = wholemodule;
				SWIFT_OPTIMIZATION_LEVEL = "-O";
				VALIDATE_PRODUCT = YES;
			};
			name = Release;
		};
		9F6390AF22D707C2000E1A76 /* Debug */ = {
			isa = XCBuildConfiguration;
			baseConfigurationReference = ACE4206AC3146D81AC7F484E /* Pods-Nanopool Client.debug.xcconfig */;
			buildSettings = {
				ASSETCATALOG_COMPILER_APPICON_NAME = AppIcon;
				CODE_SIGN_STYLE = Automatic;
				DEVELOPMENT_TEAM = 8CEQW7LX82;
				FRAMEWORK_SEARCH_PATHS = (
					"$(inherited)",
					"$(PROJECT_DIR)/Carthage/Build/iOS",
					"$(PROJECT_DIR)",
				);
				INFOPLIST_FILE = "Nanopool Client/Project Files/Info.plist";
				IPHONEOS_DEPLOYMENT_TARGET = 10.0;
				LD_RUNPATH_SEARCH_PATHS = (
					"$(inherited)",
					"@executable_path/Frameworks",
				);
				PRODUCT_BUNDLE_IDENTIFIER = "approcket.Nanopool-Client";
				PRODUCT_NAME = "$(TARGET_NAME)";
				SWIFT_VERSION = 5.0;
				TARGETED_DEVICE_FAMILY = 1;
			};
			name = Debug;
		};
		9F6390B022D707C2000E1A76 /* Release */ = {
			isa = XCBuildConfiguration;
			baseConfigurationReference = B5CDA2841114D4C8FE94F38F /* Pods-Nanopool Client.release.xcconfig */;
			buildSettings = {
				ASSETCATALOG_COMPILER_APPICON_NAME = AppIcon;
				CODE_SIGN_STYLE = Automatic;
				DEVELOPMENT_TEAM = 8CEQW7LX82;
				FRAMEWORK_SEARCH_PATHS = (
					"$(inherited)",
					"$(PROJECT_DIR)/Carthage/Build/iOS",
					"$(PROJECT_DIR)",
				);
				INFOPLIST_FILE = "Nanopool Client/Project Files/Info.plist";
				IPHONEOS_DEPLOYMENT_TARGET = 10.0;
				LD_RUNPATH_SEARCH_PATHS = (
					"$(inherited)",
					"@executable_path/Frameworks",
				);
				PRODUCT_BUNDLE_IDENTIFIER = "approcket.Nanopool-Client";
				PRODUCT_NAME = "$(TARGET_NAME)";
				SWIFT_VERSION = 5.0;
				TARGETED_DEVICE_FAMILY = 1;
			};
			name = Release;
		};
		9F6390B222D707C2000E1A76 /* Debug */ = {
			isa = XCBuildConfiguration;
			baseConfigurationReference = 9E9B31548A358B731532C4FA /* Pods-Nanopool ClientTests.debug.xcconfig */;
			buildSettings = {
				ALWAYS_EMBED_SWIFT_STANDARD_LIBRARIES = YES;
				BUNDLE_LOADER = "$(TEST_HOST)";
				CODE_SIGN_STYLE = Automatic;
				DEVELOPMENT_TEAM = 8CEQW7LX82;
				INFOPLIST_FILE = "Nanopool ClientTests/Info.plist";
				LD_RUNPATH_SEARCH_PATHS = (
					"$(inherited)",
					"@executable_path/Frameworks",
					"@loader_path/Frameworks",
				);
				PRODUCT_BUNDLE_IDENTIFIER = "approcket.Nanopool-ClientTests";
				PRODUCT_NAME = "$(TARGET_NAME)";
				SWIFT_VERSION = 5.0;
				TARGETED_DEVICE_FAMILY = "1,2";
				TEST_HOST = "$(BUILT_PRODUCTS_DIR)/Nanopool Client.app/Nanopool Client";
			};
			name = Debug;
		};
		9F6390B322D707C2000E1A76 /* Release */ = {
			isa = XCBuildConfiguration;
			baseConfigurationReference = 64826396A9CC3D459901CC52 /* Pods-Nanopool ClientTests.release.xcconfig */;
			buildSettings = {
				ALWAYS_EMBED_SWIFT_STANDARD_LIBRARIES = YES;
				BUNDLE_LOADER = "$(TEST_HOST)";
				CODE_SIGN_STYLE = Automatic;
				DEVELOPMENT_TEAM = 8CEQW7LX82;
				INFOPLIST_FILE = "Nanopool ClientTests/Info.plist";
				LD_RUNPATH_SEARCH_PATHS = (
					"$(inherited)",
					"@executable_path/Frameworks",
					"@loader_path/Frameworks",
				);
				PRODUCT_BUNDLE_IDENTIFIER = "approcket.Nanopool-ClientTests";
				PRODUCT_NAME = "$(TARGET_NAME)";
				SWIFT_VERSION = 5.0;
				TARGETED_DEVICE_FAMILY = "1,2";
				TEST_HOST = "$(BUILT_PRODUCTS_DIR)/Nanopool Client.app/Nanopool Client";
			};
			name = Release;
		};
/* End XCBuildConfiguration section */

/* Begin XCConfigurationList section */
		9F63908C22D707C0000E1A76 /* Build configuration list for PBXProject "Nanopool Client" */ = {
			isa = XCConfigurationList;
			buildConfigurations = (
				9F6390AC22D707C2000E1A76 /* Debug */,
				9F6390AD22D707C2000E1A76 /* Release */,
			);
			defaultConfigurationIsVisible = 0;
			defaultConfigurationName = Release;
		};
		9F6390AE22D707C2000E1A76 /* Build configuration list for PBXNativeTarget "Nanopool Client" */ = {
			isa = XCConfigurationList;
			buildConfigurations = (
				9F6390AF22D707C2000E1A76 /* Debug */,
				9F6390B022D707C2000E1A76 /* Release */,
			);
			defaultConfigurationIsVisible = 0;
			defaultConfigurationName = Release;
		};
		9F6390B122D707C2000E1A76 /* Build configuration list for PBXNativeTarget "Nanopool ClientTests" */ = {
			isa = XCConfigurationList;
			buildConfigurations = (
				9F6390B222D707C2000E1A76 /* Debug */,
				9F6390B322D707C2000E1A76 /* Release */,
			);
			defaultConfigurationIsVisible = 0;
			defaultConfigurationName = Release;
		};
/* End XCConfigurationList section */
	};
	rootObject = 9F63908922D707C0000E1A76 /* Project object */;
}
